{
  "name": "robots",
  "version": "1.0.0",
  "lockfileVersion": 1,
  "requires": true,
  "dependencies": {
    "robots-parser": {
      "version": "2.1.1",
      "resolved": "https://registry.npmjs.org/robots-parser/-/robots-parser-2.1.1.tgz",
      "integrity": "sha512-6yWEYSdhK3bAEcYY0In3wgSBK70BiQoJArzdjZKCP/35b3gKIYu5Lc0qQqsoxjoLVebVoJiKK4VWGc5+oxvWBQ=="
    }
  }
}
